
Microsoft Visual Studio Solution File, Format Version 12.00
# Visual Studio Version 16
VisualStudioVersion = 16.0.31424.327
MinimumVisualStudioVersion = 10.0.40219.1
Project("{8BC9CEB8-8B4A-11D0-8D11-00A0C91BC942}") = "Lab1_2", "Lab1_2\Lab1_2.vcxproj", "{9A192710-34CF-425E-96EB-9CFDFD91301E}"
EndProject
Global
	GlobalSection(SolutionConfigurationPlatforms) = preSolution
		Debug|x64 = Debug|x64
		Debug|x86 = Debug|x86
		Release|x64 = Release|x64
		Release|x86 = Release|x86
	EndGlobalSection
	GlobalSection(ProjectConfigurationPlatforms) = postSolution
		{9A192710-34CF-425E-96EB-9CFDFD91301E}.Debug|x64.ActiveCfg = Debug|x64
		{9A192710-34CF-425E-96EB-9CFDFD91301E}.Debug|x64.Build.0 = Debug|x64
		{9A192710-34CF-425E-96EB-9CFDFD91301E}.Debug|x86.ActiveCfg = Debug|Win32
		{9A192710-34CF-425E-96EB-9CFDFD91301E}.Debug|x86.Build.0 = Debug|Win32
		{9A192710-34CF-425E-96EB-9CFDFD91301E}.Release|x64.ActiveCfg = Release|x64
		{9A192710-34CF-425E-96EB-9CFDFD91301E}.Release|x64.Build.0 = Release|x64
		{9A192710-34CF-425E-96EB-9CFDFD91301E}.Release|x86.ActiveCfg = Release|Win32
		{9A192710-34CF-425E-96EB-9CFDFD91301E}.Release|x86.Build.0 = Release|Win32
	EndGlobalSection
	GlobalSection(SolutionProperties) = preSolution
		HideSolutionNode = FALSE
	EndGlobalSection
	GlobalSection(ExtensibilityGlobals) = postSolution
		SolutionGuid = {5F1752E2-90F7-486D-8503-0E1F7E2463C5}
	EndGlobalSection
EndGlobal
